# This file is automatically @generated by Poetry 1.5.1 and should not be changed by hand.

[[package]]
name = "ansicolors"
version = "1.1.8"
description = "ANSI colors for Python"
optional = false
python-versions = "*"
files = [
    {file = "ansicolors-1.1.8-py2.py3-none-any.whl", hash = "sha256:00d2dde5a675579325902536738dd27e4fac1fd68f773fe36c21044eb559e187"},
    {file = "ansicolors-1.1.8.zip", hash = "sha256:99f94f5e3348a0bcd43c82e5fc4414013ccc19d70bd939ad71e0133ce9c372e0"},
]

[metadata]
lock-version = "2.0"
python-versions = "*"
content-hash = "ed8ffdfc07e94dab9d4e2ef47bf186f8f390d68d771f8763085bae16cc4da98a"
